
Microsoft Visual Studio Solution File, Format Version 12.00
# Visual Studio 2017
Project("{FAE04EC0-301F-11D3-BF4B-00C04F79EFBC}") = "Unity.RenderPipelines.HighDefinition.Runtime", "Unity.RenderPipelines.HighDefinition.Runtime.csproj", "{20C4AF30-8D9D-DC8E-B9C2-BDAF960C1BA1}"
EndProject
Project("{FAE04EC0-301F-11D3-BF4B-00C04F79EFBC}") = "Project-Universe-master", "Project-Universe-master.csproj", "{B0DBDEC4-0646-3127-CAF8-1AE95930D42C}"
EndProject
Project("{FAE04EC0-301F-11D3-BF4B-00C04F79EFBC}") = "Mirror", "Mirror.csproj", "{CB53D22C-422C-4965-81DC-E3FA052D326C}"
EndProject
Project("{FAE04EC0-301F-11D3-BF4B-00C04F79EFBC}") = "Unity.TextMeshPro", "Unity.TextMeshPro.csproj", "{07A21C90-D344-AE1A-8456-9910C203B41A}"
EndProject
Project("{FAE04EC0-301F-11D3-BF4B-00C04F79EFBC}") = "Unity.Timeline", "Unity.Timeline.csproj", "{6940CB9D-2F64-7CD4-BA0F-5610D5AB47B0}"
EndProject
Project("{FAE04EC0-301F-11D3-BF4B-00C04F79EFBC}") = "Project-Universe-master.Plugins", "Project-Universe-master.Plugins.csproj", "{003A7309-EDC0-ECAD-429E-5DAEF00FA3D8}"
EndProject
Project("{FAE04EC0-301F-11D3-BF4B-00C04F79EFBC}") = "Unity.RenderPipelines.Core.Runtime", "Unity.RenderPipelines.Core.Runtime.csproj", "{DF88BCE8-B64F-969D-3C39-F0C65EF04F6B}"
EndProject
Project("{FAE04EC0-301F-11D3-BF4B-00C04F79EFBC}") = "Unity.VisualEffectGraph.Runtime", "Unity.VisualEffectGraph.Runtime.csproj", "{CBCB4456-0002-6059-62B9-7911594C8F27}"
EndProject
Project("{FAE04EC0-301F-11D3-BF4B-00C04F79EFBC}") = "Unity.Analytics.DataPrivacy", "Unity.Analytics.DataPrivacy.csproj", "{D6E266C6-3D1F-28C8-9FEB-2A01E44DBF77}"
EndProject
Project("{FAE04EC0-301F-11D3-BF4B-00C04F79EFBC}") = "UnityEngine.SpatialTracking", "UnityEngine.SpatialTracking.csproj", "{EDE48CFA-E9C6-66CB-F43E-070EAA2E76B0}"
EndProject
Project("{FAE04EC0-301F-11D3-BF4B-00C04F79EFBC}") = "Unity.RenderPipelines.ShaderGraph.ShaderGraphLibrary", "Unity.RenderPipelines.ShaderGraph.ShaderGraphLibrary.csproj", "{114AAB78-0DA4-48AB-A359-9E0515221173}"
EndProject
Project("{FAE04EC0-301F-11D3-BF4B-00C04F79EFBC}") = "Unity.RenderPipelines.Core.ShaderLibrary", "Unity.RenderPipelines.Core.ShaderLibrary.csproj", "{21FE3B2C-E13B-425A-BFBA-789779C1B460}"
EndProject
Project("{FAE04EC0-301F-11D3-BF4B-00C04F79EFBC}") = "Unity.ShaderGraph.Editor", "Unity.ShaderGraph.Editor.csproj", "{097081EC-B172-781E-F676-D45E858A96D6}"
EndProject
Project("{FAE04EC0-301F-11D3-BF4B-00C04F79EFBC}") = "Unity.TextMeshPro.Editor", "Unity.TextMeshPro.Editor.csproj", "{3A848AB7-9891-EDDA-D555-BF184C2F81F4}"
EndProject
Project("{FAE04EC0-301F-11D3-BF4B-00C04F79EFBC}") = "Unity.Timeline.Editor", "Unity.Timeline.Editor.csproj", "{7C87BE25-0A2E-FC58-1E14-37330F289AA3}"
EndProject
Project("{FAE04EC0-301F-11D3-BF4B-00C04F79EFBC}") = "Unity.VisualEffectGraph.Editor", "Unity.VisualEffectGraph.Editor.csproj", "{2EB5BD84-25A3-2218-54E3-84F56A379D41}"
EndProject
Project("{FAE04EC0-301F-11D3-BF4B-00C04F79EFBC}") = "Unity.RenderPipelines.HighDefinition.Editor", "Unity.RenderPipelines.HighDefinition.Editor.csproj", "{436735F6-122B-A7BD-51AF-A6DE21F93312}"
EndProject
Project("{FAE04EC0-301F-11D3-BF4B-00C04F79EFBC}") = "Project-Universe-master.Editor.Plugins", "Project-Universe-master.Editor.Plugins.csproj", "{F13ACC61-28F4-991F-2D27-A90490924731}"
EndProject
Project("{FAE04EC0-301F-11D3-BF4B-00C04F79EFBC}") = "Unity.PackageManagerUI.Editor", "Unity.PackageManagerUI.Editor.csproj", "{6877705C-FBD9-0C4F-5AFB-6FB431E5D39D}"
EndProject
Project("{FAE04EC0-301F-11D3-BF4B-00C04F79EFBC}") = "Mirror.Weaver", "Mirror.Weaver.csproj", "{E3EBBFE9-B840-35A8-C1A4-85C18F56978E}"
EndProject
Project("{FAE04EC0-301F-11D3-BF4B-00C04F79EFBC}") = "Project-Universe-master.Editor", "Project-Universe-master.Editor.csproj", "{562E37D5-9303-F447-FA71-46B4909C6DD1}"
EndProject
Project("{FAE04EC0-301F-11D3-BF4B-00C04F79EFBC}") = "Unity.RenderPipelines.Core.Editor", "Unity.RenderPipelines.Core.Editor.csproj", "{A1B3D246-CBF8-5C7A-7D07-73F07D9A0972}"
EndProject
Project("{FAE04EC0-301F-11D3-BF4B-00C04F79EFBC}") = "Unity.CollabProxy.Editor", "Unity.CollabProxy.Editor.csproj", "{C12CEEC6-100C-58A2-DE36-314E4DE5E40B}"
EndProject
Project("{FAE04EC0-301F-11D3-BF4B-00C04F79EFBC}") = "UnityEditor.SpatialTracking", "UnityEditor.SpatialTracking.csproj", "{779568FA-8B74-9FC0-8E1A-6EBB501CEFE6}"
EndProject
Global
	GlobalSection(SolutionConfigurationPlatforms) = preSolution
		Debug|Any CPU = Debug|Any CPU
		Release|Any CPU = Release|Any CPU
	EndGlobalSection
	GlobalSection(ProjectConfigurationPlatforms) = postSolution
		{20C4AF30-8D9D-DC8E-B9C2-BDAF960C1BA1}.Debug|Any CPU.ActiveCfg = Debug|Any CPU
		{20C4AF30-8D9D-DC8E-B9C2-BDAF960C1BA1}.Debug|Any CPU.Build.0 = Debug|Any CPU
		{20C4AF30-8D9D-DC8E-B9C2-BDAF960C1BA1}.Release|Any CPU.ActiveCfg = Release|Any CPU
		{20C4AF30-8D9D-DC8E-B9C2-BDAF960C1BA1}.Release|Any CPU.Build.0 = Release|Any CPU
		{B0DBDEC4-0646-3127-CAF8-1AE95930D42C}.Debug|Any CPU.ActiveCfg = Debug|Any CPU
		{B0DBDEC4-0646-3127-CAF8-1AE95930D42C}.Debug|Any CPU.Build.0 = Debug|Any CPU
		{B0DBDEC4-0646-3127-CAF8-1AE95930D42C}.Release|Any CPU.ActiveCfg = Release|Any CPU
		{B0DBDEC4-0646-3127-CAF8-1AE95930D42C}.Release|Any CPU.Build.0 = Release|Any CPU
		{CB53D22C-422C-4965-81DC-E3FA052D326C}.Debug|Any CPU.ActiveCfg = Debug|Any CPU
		{CB53D22C-422C-4965-81DC-E3FA052D326C}.Debug|Any CPU.Build.0 = Debug|Any CPU
		{CB53D22C-422C-4965-81DC-E3FA052D326C}.Release|Any CPU.ActiveCfg = Release|Any CPU
		{CB53D22C-422C-4965-81DC-E3FA052D326C}.Release|Any CPU.Build.0 = Release|Any CPU
		{07A21C90-D344-AE1A-8456-9910C203B41A}.Debug|Any CPU.ActiveCfg = Debug|Any CPU
		{07A21C90-D344-AE1A-8456-9910C203B41A}.Debug|Any CPU.Build.0 = Debug|Any CPU
		{07A21C90-D344-AE1A-8456-9910C203B41A}.Release|Any CPU.ActiveCfg = Release|Any CPU
		{07A21C90-D344-AE1A-8456-9910C203B41A}.Release|Any CPU.Build.0 = Release|Any CPU
		{6940CB9D-2F64-7CD4-BA0F-5610D5AB47B0}.Debug|Any CPU.ActiveCfg = Debug|Any CPU
		{6940CB9D-2F64-7CD4-BA0F-5610D5AB47B0}.Debug|Any CPU.Build.0 = Debug|Any CPU
		{6940CB9D-2F64-7CD4-BA0F-5610D5AB47B0}.Release|Any CPU.ActiveCfg = Release|Any CPU
		{6940CB9D-2F64-7CD4-BA0F-5610D5AB47B0}.Release|Any CPU.Build.0 = Release|Any CPU
		{003A7309-EDC0-ECAD-429E-5DAEF00FA3D8}.Debug|Any CPU.ActiveCfg = Debug|Any CPU
		{003A7309-EDC0-ECAD-429E-5DAEF00FA3D8}.Debug|Any CPU.Build.0 = Debug|Any CPU
		{003A7309-EDC0-ECAD-429E-5DAEF00FA3D8}.Release|Any CPU.ActiveCfg = Release|Any CPU
		{003A7309-EDC0-ECAD-429E-5DAEF00FA3D8}.Release|Any CPU.Build.0 = Release|Any CPU
		{DF88BCE8-B64F-969D-3C39-F0C65EF04F6B}.Debug|Any CPU.ActiveCfg = Debug|Any CPU
		{DF88BCE8-B64F-969D-3C39-F0C65EF04F6B}.Debug|Any CPU.Build.0 = Debug|Any CPU
		{DF88BCE8-B64F-969D-3C39-F0C65EF04F6B}.Release|Any CPU.ActiveCfg = Release|Any CPU
		{DF88BCE8-B64F-969D-3C39-F0C65EF04F6B}.Release|Any CPU.Build.0 = Release|Any CPU
		{CBCB4456-0002-6059-62B9-7911594C8F27}.Debug|Any CPU.ActiveCfg = Debug|Any CPU
		{CBCB4456-0002-6059-62B9-7911594C8F27}.Debug|Any CPU.Build.0 = Debug|Any CPU
		{CBCB4456-0002-6059-62B9-7911594C8F27}.Release|Any CPU.ActiveCfg = Release|Any CPU
		{CBCB4456-0002-6059-62B9-7911594C8F27}.Release|Any CPU.Build.0 = Release|Any CPU
		{D6E266C6-3D1F-28C8-9FEB-2A01E44DBF77}.Debug|Any CPU.ActiveCfg = Debug|Any CPU
		{D6E266C6-3D1F-28C8-9FEB-2A01E44DBF77}.Debug|Any CPU.Build.0 = Debug|Any CPU
		{D6E266C6-3D1F-28C8-9FEB-2A01E44DBF77}.Release|Any CPU.ActiveCfg = Release|Any CPU
		{D6E266C6-3D1F-28C8-9FEB-2A01E44DBF77}.Release|Any CPU.Build.0 = Release|Any CPU
		{EDE48CFA-E9C6-66CB-F43E-070EAA2E76B0}.Debug|Any CPU.ActiveCfg = Debug|Any CPU
		{EDE48CFA-E9C6-66CB-F43E-070EAA2E76B0}.Debug|Any CPU.Build.0 = Debug|Any CPU
		{EDE48CFA-E9C6-66CB-F43E-070EAA2E76B0}.Release|Any CPU.ActiveCfg = Release|Any CPU
		{EDE48CFA-E9C6-66CB-F43E-070EAA2E76B0}.Release|Any CPU.Build.0 = Release|Any CPU
		{114AAB78-0DA4-48AB-A359-9E0515221173}.Debug|Any CPU.ActiveCfg = Debug|Any CPU
		{114AAB78-0DA4-48AB-A359-9E0515221173}.Debug|Any CPU.Build.0 = Debug|Any CPU
		{114AAB78-0DA4-48AB-A359-9E0515221173}.Release|Any CPU.ActiveCfg = Release|Any CPU
		{114AAB78-0DA4-48AB-A359-9E0515221173}.Release|Any CPU.Build.0 = Release|Any CPU
		{21FE3B2C-E13B-425A-BFBA-789779C1B460}.Debug|Any CPU.ActiveCfg = Debug|Any CPU
		{21FE3B2C-E13B-425A-BFBA-789779C1B460}.Debug|Any CPU.Build.0 = Debug|Any CPU
		{21FE3B2C-E13B-425A-BFBA-789779C1B460}.Release|Any CPU.ActiveCfg = Release|Any CPU
		{21FE3B2C-E13B-425A-BFBA-789779C1B460}.Release|Any CPU.Build.0 = Release|Any CPU
		{097081EC-B172-781E-F676-D45E858A96D6}.Debug|Any CPU.ActiveCfg = Debug|Any CPU
		{097081EC-B172-781E-F676-D45E858A96D6}.Debug|Any CPU.Build.0 = Debug|Any CPU
		{097081EC-B172-781E-F676-D45E858A96D6}.Release|Any CPU.ActiveCfg = Release|Any CPU
		{097081EC-B172-781E-F676-D45E858A96D6}.Release|Any CPU.Build.0 = Release|Any CPU
		{3A848AB7-9891-EDDA-D555-BF184C2F81F4}.Debug|Any CPU.ActiveCfg = Debug|Any CPU
		{3A848AB7-9891-EDDA-D555-BF184C2F81F4}.Debug|Any CPU.Build.0 = Debug|Any CPU
		{3A848AB7-9891-EDDA-D555-BF184C2F81F4}.Release|Any CPU.ActiveCfg = Release|Any CPU
		{3A848AB7-9891-EDDA-D555-BF184C2F81F4}.Release|Any CPU.Build.0 = Release|Any CPU
		{7C87BE25-0A2E-FC58-1E14-37330F289AA3}.Debug|Any CPU.ActiveCfg = Debug|Any CPU
		{7C87BE25-0A2E-FC58-1E14-37330F289AA3}.Debug|Any CPU.Build.0 = Debug|Any CPU
		{7C87BE25-0A2E-FC58-1E14-37330F289AA3}.Release|Any CPU.ActiveCfg = Release|Any CPU
		{7C87BE25-0A2E-FC58-1E14-37330F289AA3}.Release|Any CPU.Build.0 = Release|Any CPU
		{2EB5BD84-25A3-2218-54E3-84F56A379D41}.Debug|Any CPU.ActiveCfg = Debug|Any CPU
		{2EB5BD84-25A3-2218-54E3-84F56A379D41}.Debug|Any CPU.Build.0 = Debug|Any CPU
		{2EB5BD84-25A3-2218-54E3-84F56A379D41}.Release|Any CPU.ActiveCfg = Release|Any CPU
		{2EB5BD84-25A3-2218-54E3-84F56A379D41}.Release|Any CPU.Build.0 = Release|Any CPU
		{436735F6-122B-A7BD-51AF-A6DE21F93312}.Debug|Any CPU.ActiveCfg = Debug|Any CPU
		{436735F6-122B-A7BD-51AF-A6DE21F93312}.Debug|Any CPU.Build.0 = Debug|Any CPU
		{436735F6-122B-A7BD-51AF-A6DE21F93312}.Release|Any CPU.ActiveCfg = Release|Any CPU
		{436735F6-122B-A7BD-51AF-A6DE21F93312}.Release|Any CPU.Build.0 = Release|Any CPU
		{F13ACC61-28F4-991F-2D27-A90490924731}.Debug|Any CPU.ActiveCfg = Debug|Any CPU
		{F13ACC61-28F4-991F-2D27-A90490924731}.Debug|Any CPU.Build.0 = Debug|Any CPU
		{F13ACC61-28F4-991F-2D27-A90490924731}.Release|Any CPU.ActiveCfg = Release|Any CPU
		{F13ACC61-28F4-991F-2D27-A90490924731}.Release|Any CPU.Build.0 = Release|Any CPU
		{6877705C-FBD9-0C4F-5AFB-6FB431E5D39D}.Debug|Any CPU.ActiveCfg = Debug|Any CPU
		{6877705C-FBD9-0C4F-5AFB-6FB431E5D39D}.Debug|Any CPU.Build.0 = Debug|Any CPU
		{6877705C-FBD9-0C4F-5AFB-6FB431E5D39D}.Release|Any CPU.ActiveCfg = Release|Any CPU
		{6877705C-FBD9-0C4F-5AFB-6FB431E5D39D}.Release|Any CPU.Build.0 = Release|Any CPU
		{E3EBBFE9-B840-35A8-C1A4-85C18F56978E}.Debug|Any CPU.ActiveCfg = Debug|Any CPU
		{E3EBBFE9-B840-35A8-C1A4-85C18F56978E}.Debug|Any CPU.Build.0 = Debug|Any CPU
		{E3EBBFE9-B840-35A8-C1A4-85C18F56978E}.Release|Any CPU.ActiveCfg = Release|Any CPU
		{E3EBBFE9-B840-35A8-C1A4-85C18F56978E}.Release|Any CPU.Build.0 = Release|Any CPU
		{562E37D5-9303-F447-FA71-46B4909C6DD1}.Debug|Any CPU.ActiveCfg = Debug|Any CPU
		{562E37D5-9303-F447-FA71-46B4909C6DD1}.Debug|Any CPU.Build.0 = Debug|Any CPU
		{562E37D5-9303-F447-FA71-46B4909C6DD1}.Release|Any CPU.ActiveCfg = Release|Any CPU
		{562E37D5-9303-F447-FA71-46B4909C6DD1}.Release|Any CPU.Build.0 = Release|Any CPU
		{A1B3D246-CBF8-5C7A-7D07-73F07D9A0972}.Debug|Any CPU.ActiveCfg = Debug|Any CPU
		{A1B3D246-CBF8-5C7A-7D07-73F07D9A0972}.Debug|Any CPU.Build.0 = Debug|Any CPU
		{A1B3D246-CBF8-5C7A-7D07-73F07D9A0972}.Release|Any CPU.ActiveCfg = Release|Any CPU
		{A1B3D246-CBF8-5C7A-7D07-73F07D9A0972}.Release|Any CPU.Build.0 = Release|Any CPU
		{C12CEEC6-100C-58A2-DE36-314E4DE5E40B}.Debug|Any CPU.ActiveCfg = Debug|Any CPU
		{C12CEEC6-100C-58A2-DE36-314E4DE5E40B}.Debug|Any CPU.Build.0 = Debug|Any CPU
		{C12CEEC6-100C-58A2-DE36-314E4DE5E40B}.Release|Any CPU.ActiveCfg = Release|Any CPU
		{C12CEEC6-100C-58A2-DE36-314E4DE5E40B}.Release|Any CPU.Build.0 = Release|Any CPU
		{779568FA-8B74-9FC0-8E1A-6EBB501CEFE6}.Debug|Any CPU.ActiveCfg = Debug|Any CPU
		{779568FA-8B74-9FC0-8E1A-6EBB501CEFE6}.Debug|Any CPU.Build.0 = Debug|Any CPU
		{779568FA-8B74-9FC0-8E1A-6EBB501CEFE6}.Release|Any CPU.ActiveCfg = Release|Any CPU
		{779568FA-8B74-9FC0-8E1A-6EBB501CEFE6}.Release|Any CPU.Build.0 = Release|Any CPU
	EndGlobalSection
	GlobalSection(SolutionProperties) = preSolution
		HideSolutionNode = FALSE
	EndGlobalSection
EndGlobal
